
Microsoft Visual Studio Solution File, Format Version 12.00
# Visual Studio 15
VisualStudioVersion = 15.0.28010.2026
MinimumVisualStudioVersion = 10.0.40219.1
Project("{FAE04EC0-301F-11D3-BF4B-00C04F79EFBC}") = "RealmTestApp", "RealmTestApp\RealmTestApp\RealmTestApp.csproj", "{AEE4EE32-8DF1-4E72-88B5-71D2EF309365}"
EndProject
Project("{FAE04EC0-301F-11D3-BF4B-00C04F79EFBC}") = "RealmTestApp.Android", "RealmTestApp\RealmTestApp.Android\RealmTestApp.Android.csproj", "{E34D792B-DBFB-43C8-A46D-F4B50C12C3DA}"
EndProject
Project("{FAE04EC0-301F-11D3-BF4B-00C04F79EFBC}") = "RealmTestApp.iOS", "RealmTestApp\RealmTestApp.iOS\RealmTestApp.iOS.csproj", "{99DBF363-2B14-4440-8B1A-BCAF9858D868}"
EndProject
Project("{FAE04EC0-301F-11D3-BF4B-00C04F79EFBC}") = "RealmTestApp.UWP", "RealmTestApp\RealmTestApp.UWP\RealmTestApp.UWP.csproj", "{F8F5956D-BE73-4B4B-B2E9-34B869F07BFB}"
EndProject
Global
	GlobalSection(SolutionConfigurationPlatforms) = preSolution
		Ad-Hoc|Any CPU = Ad-Hoc|Any CPU
		Ad-Hoc|ARM = Ad-Hoc|ARM
		Ad-Hoc|iPhone = Ad-Hoc|iPhone
		Ad-Hoc|iPhoneSimulator = Ad-Hoc|iPhoneSimulator
		Ad-Hoc|x64 = Ad-Hoc|x64
		Ad-Hoc|x86 = Ad-Hoc|x86
		AppStore|Any CPU = AppStore|Any CPU
		AppStore|ARM = AppStore|ARM
		AppStore|iPhone = AppStore|iPhone
		AppStore|iPhoneSimulator = AppStore|iPhoneSimulator
		AppStore|x64 = AppStore|x64
		AppStore|x86 = AppStore|x86
		Debug|Any CPU = Debug|Any CPU
		Debug|ARM = Debug|ARM
		Debug|iPhone = Debug|iPhone
		Debug|iPhoneSimulator = Debug|iPhoneSimulator
		Debug|x64 = Debug|x64
		Debug|x86 = Debug|x86
		Release|Any CPU = Release|Any CPU
		Release|ARM = Release|ARM
		Release|iPhone = Release|iPhone
		Release|iPhoneSimulator = Release|iPhoneSimulator
		Release|x64 = Release|x64
		Release|x86 = Release|x86
	EndGlobalSection
	GlobalSection(ProjectConfigurationPlatforms) = postSolution
		{AEE4EE32-8DF1-4E72-88B5-71D2EF309365}.Ad-Hoc|Any CPU.ActiveCfg = Debug|Any CPU
		{AEE4EE32-8DF1-4E72-88B5-71D2EF309365}.Ad-Hoc|Any CPU.Build.0 = Debug|Any CPU
		{AEE4EE32-8DF1-4E72-88B5-71D2EF309365}.Ad-Hoc|ARM.ActiveCfg = Debug|Any CPU
		{AEE4EE32-8DF1-4E72-88B5-71D2EF309365}.Ad-Hoc|ARM.Build.0 = Debug|Any CPU
		{AEE4EE32-8DF1-4E72-88B5-71D2EF309365}.Ad-Hoc|iPhone.ActiveCfg = Debug|Any CPU
		{AEE4EE32-8DF1-4E72-88B5-71D2EF309365}.Ad-Hoc|iPhone.Build.0 = Debug|Any CPU
		{AEE4EE32-8DF1-4E72-88B5-71D2EF309365}.Ad-Hoc|iPhoneSimulator.ActiveCfg = Debug|Any CPU
		{AEE4EE32-8DF1-4E72-88B5-71D2EF309365}.Ad-Hoc|iPhoneSimulator.Build.0 = Debug|Any CPU
		{AEE4EE32-8DF1-4E72-88B5-71D2EF309365}.Ad-Hoc|x64.ActiveCfg = Debug|Any CPU
		{AEE4EE32-8DF1-4E72-88B5-71D2EF309365}.Ad-Hoc|x64.Build.0 = Debug|Any CPU
		{AEE4EE32-8DF1-4E72-88B5-71D2EF309365}.Ad-Hoc|x86.ActiveCfg = Debug|Any CPU
		{AEE4EE32-8DF1-4E72-88B5-71D2EF309365}.Ad-Hoc|x86.Build.0 = Debug|Any CPU
		{AEE4EE32-8DF1-4E72-88B5-71D2EF309365}.AppStore|Any CPU.ActiveCfg = Debug|Any CPU
		{AEE4EE32-8DF1-4E72-88B5-71D2EF309365}.AppStore|Any CPU.Build.0 = Debug|Any CPU
		{AEE4EE32-8DF1-4E72-88B5-71D2EF309365}.AppStore|ARM.ActiveCfg = Debug|Any CPU
		{AEE4EE32-8DF1-4E72-88B5-71D2EF309365}.AppStore|ARM.Build.0 = Debug|Any CPU
		{AEE4EE32-8DF1-4E72-88B5-71D2EF309365}.AppStore|iPhone.ActiveCfg = Debug|Any CPU
		{AEE4EE32-8DF1-4E72-88B5-71D2EF309365}.AppStore|iPhone.Build.0 = Debug|Any CPU
		{AEE4EE32-8DF1-4E72-88B5-71D2EF309365}.AppStore|iPhoneSimulator.ActiveCfg = Debug|Any CPU
		{AEE4EE32-8DF1-4E72-88B5-71D2EF309365}.AppStore|iPhoneSimulator.Build.0 = Debug|Any CPU
		{AEE4EE32-8DF1-4E72-88B5-71D2EF309365}.AppStore|x64.ActiveCfg = Debug|Any CPU
		{AEE4EE32-8DF1-4E72-88B5-71D2EF309365}.AppStore|x64.Build.0 = Debug|Any CPU
		{AEE4EE32-8DF1-4E72-88B5-71D2EF309365}.AppStore|x86.ActiveCfg = Debug|Any CPU
		{AEE4EE32-8DF1-4E72-88B5-71D2EF309365}.AppStore|x86.Build.0 = Debug|Any CPU
		{AEE4EE32-8DF1-4E72-88B5-71D2EF309365}.Debug|Any CPU.ActiveCfg = Debug|Any CPU
		{AEE4EE32-8DF1-4E72-88B5-71D2EF309365}.Debug|Any CPU.Build.0 = Debug|Any CPU
		{AEE4EE32-8DF1-4E72-88B5-71D2EF309365}.Debug|ARM.ActiveCfg = Debug|Any CPU
		{AEE4EE32-8DF1-4E72-88B5-71D2EF309365}.Debug|ARM.Build.0 = Debug|Any CPU
		{AEE4EE32-8DF1-4E72-88B5-71D2EF309365}.Debug|iPhone.ActiveCfg = Debug|Any CPU
		{AEE4EE32-8DF1-4E72-88B5-71D2EF309365}.Debug|iPhone.Build.0 = Debug|Any CPU
		{AEE4EE32-8DF1-4E72-88B5-71D2EF309365}.Debug|iPhoneSimulator.ActiveCfg = Debug|Any CPU
		{AEE4EE32-8DF1-4E72-88B5-71D2EF309365}.Debug|iPhoneSimulator.Build.0 = Debug|Any CPU
		{AEE4EE32-8DF1-4E72-88B5-71D2EF309365}.Debug|x64.ActiveCfg = Debug|Any CPU
		{AEE4EE32-8DF1-4E72-88B5-71D2EF309365}.Debug|x64.Build.0 = Debug|Any CPU
		{AEE4EE32-8DF1-4E72-88B5-71D2EF309365}.Debug|x86.ActiveCfg = Debug|Any CPU
		{AEE4EE32-8DF1-4E72-88B5-71D2EF309365}.Debug|x86.Build.0 = Debug|Any CPU
		{AEE4EE32-8DF1-4E72-88B5-71D2EF309365}.Release|Any CPU.ActiveCfg = Release|Any CPU
		{AEE4EE32-8DF1-4E72-88B5-71D2EF309365}.Release|Any CPU.Build.0 = Release|Any CPU
		{AEE4EE32-8DF1-4E72-88B5-71D2EF309365}.Release|ARM.ActiveCfg = Release|Any CPU
		{AEE4EE32-8DF1-4E72-88B5-71D2EF309365}.Release|ARM.Build.0 = Release|Any CPU
		{AEE4EE32-8DF1-4E72-88B5-71D2EF309365}.Release|iPhone.ActiveCfg = Release|Any CPU
		{AEE4EE32-8DF1-4E72-88B5-71D2EF309365}.Release|iPhone.Build.0 = Release|Any CPU
		{AEE4EE32-8DF1-4E72-88B5-71D2EF309365}.Release|iPhoneSimulator.ActiveCfg = Release|Any CPU
		{AEE4EE32-8DF1-4E72-88B5-71D2EF309365}.Release|iPhoneSimulator.Build.0 = Release|Any CPU
		{AEE4EE32-8DF1-4E72-88B5-71D2EF309365}.Release|x64.ActiveCfg = Release|Any CPU
		{AEE4EE32-8DF1-4E72-88B5-71D2EF309365}.Release|x64.Build.0 = Release|Any CPU
		{AEE4EE32-8DF1-4E72-88B5-71D2EF309365}.Release|x86.ActiveCfg = Release|Any CPU
		{AEE4EE32-8DF1-4E72-88B5-71D2EF309365}.Release|x86.Build.0 = Release|Any CPU
		{E34D792B-DBFB-43C8-A46D-F4B50C12C3DA}.Ad-Hoc|Any CPU.ActiveCfg = Release|Any CPU
		{E34D792B-DBFB-43C8-A46D-F4B50C12C3DA}.Ad-Hoc|Any CPU.Build.0 = Release|Any CPU
		{E34D792B-DBFB-43C8-A46D-F4B50C12C3DA}.Ad-Hoc|Any CPU.Deploy.0 = Release|Any CPU
		{E34D792B-DBFB-43C8-A46D-F4B50C12C3DA}.Ad-Hoc|ARM.ActiveCfg = Release|Any CPU
		{E34D792B-DBFB-43C8-A46D-F4B50C12C3DA}.Ad-Hoc|ARM.Build.0 = Release|Any CPU
		{E34D792B-DBFB-43C8-A46D-F4B50C12C3DA}.Ad-Hoc|ARM.Deploy.0 = Release|Any CPU
		{E34D792B-DBFB-43C8-A46D-F4B50C12C3DA}.Ad-Hoc|iPhone.ActiveCfg = Release|Any CPU
		{E34D792B-DBFB-43C8-A46D-F4B50C12C3DA}.Ad-Hoc|iPhone.Build.0 = Release|Any CPU
		{E34D792B-DBFB-43C8-A46D-F4B50C12C3DA}.Ad-Hoc|iPhone.Deploy.0 = Release|Any CPU
		{E34D792B-DBFB-43C8-A46D-F4B50C12C3DA}.Ad-Hoc|iPhoneSimulator.ActiveCfg = Release|Any CPU
		{E34D792B-DBFB-43C8-A46D-F4B50C12C3DA}.Ad-Hoc|iPhoneSimulator.Build.0 = Release|Any CPU
		{E34D792B-DBFB-43C8-A46D-F4B50C12C3DA}.Ad-Hoc|iPhoneSimulator.Deploy.0 = Release|Any CPU
		{E34D792B-DBFB-43C8-A46D-F4B50C12C3DA}.Ad-Hoc|x64.ActiveCfg = Release|Any CPU
		{E34D792B-DBFB-43C8-A46D-F4B50C12C3DA}.Ad-Hoc|x64.Build.0 = Release|Any CPU
		{E34D792B-DBFB-43C8-A46D-F4B50C12C3DA}.Ad-Hoc|x64.Deploy.0 = Release|Any CPU
		{E34D792B-DBFB-43C8-A46D-F4B50C12C3DA}.Ad-Hoc|x86.ActiveCfg = Release|Any CPU
		{E34D792B-DBFB-43C8-A46D-F4B50C12C3DA}.Ad-Hoc|x86.Build.0 = Release|Any CPU
		{E34D792B-DBFB-43C8-A46D-F4B50C12C3DA}.Ad-Hoc|x86.Deploy.0 = Release|Any CPU
		{E34D792B-DBFB-43C8-A46D-F4B50C12C3DA}.AppStore|Any CPU.ActiveCfg = Release|Any CPU
		{E34D792B-DBFB-43C8-A46D-F4B50C12C3DA}.AppStore|Any CPU.Build.0 = Release|Any CPU
		{E34D792B-DBFB-43C8-A46D-F4B50C12C3DA}.AppStore|Any CPU.Deploy.0 = Release|Any CPU
		{E34D792B-DBFB-43C8-A46D-F4B50C12C3DA}.AppStore|ARM.ActiveCfg = Release|Any CPU
		{E34D792B-DBFB-43C8-A46D-F4B50C12C3DA}.AppStore|ARM.Build.0 = Release|Any CPU
		{E34D792B-DBFB-43C8-A46D-F4B50C12C3DA}.AppStore|ARM.Deploy.0 = Release|Any CPU
		{E34D792B-DBFB-43C8-A46D-F4B50C12C3DA}.AppStore|iPhone.ActiveCfg = Release|Any CPU
		{E34D792B-DBFB-43C8-A46D-F4B50C12C3DA}.AppStore|iPhone.Build.0 = Release|Any CPU
		{E34D792B-DBFB-43C8-A46D-F4B50C12C3DA}.AppStore|iPhone.Deploy.0 = Release|Any CPU
		{E34D792B-DBFB-43C8-A46D-F4B50C12C3DA}.AppStore|iPhoneSimulator.ActiveCfg = Release|Any CPU
		{E34D792B-DBFB-43C8-A46D-F4B50C12C3DA}.AppStore|iPhoneSimulator.Build.0 = Release|Any CPU
		{E34D792B-DBFB-43C8-A46D-F4B50C12C3DA}.AppStore|iPhoneSimulator.Deploy.0 = Release|Any CPU
		{E34D792B-DBFB-43C8-A46D-F4B50C12C3DA}.AppStore|x64.ActiveCfg = Release|Any CPU
		{E34D792B-DBFB-43C8-A46D-F4B50C12C3DA}.AppStore|x64.Build.0 = Release|Any CPU
		{E34D792B-DBFB-43C8-A46D-F4B50C12C3DA}.AppStore|x64.Deploy.0 = Release|Any CPU
		{E34D792B-DBFB-43C8-A46D-F4B50C12C3DA}.AppStore|x86.ActiveCfg = Release|Any CPU
		{E34D792B-DBFB-43C8-A46D-F4B50C12C3DA}.AppStore|x86.Build.0 = Release|Any CPU
		{E34D792B-DBFB-43C8-A46D-F4B50C12C3DA}.AppStore|x86.Deploy.0 = Release|Any CPU
		{E34D792B-DBFB-43C8-A46D-F4B50C12C3DA}.Debug|Any CPU.ActiveCfg = Debug|Any CPU
		{E34D792B-DBFB-43C8-A46D-F4B50C12C3DA}.Debug|Any CPU.Build.0 = Debug|Any CPU
		{E34D792B-DBFB-43C8-A46D-F4B50C12C3DA}.Debug|Any CPU.Deploy.0 = Debug|Any CPU
		{E34D792B-DBFB-43C8-A46D-F4B50C12C3DA}.Debug|ARM.ActiveCfg = Debug|Any CPU
		{E34D792B-DBFB-43C8-A46D-F4B50C12C3DA}.Debug|ARM.Build.0 = Debug|Any CPU
		{E34D792B-DBFB-43C8-A46D-F4B50C12C3DA}.Debug|ARM.Deploy.0 = Debug|Any CPU
		{E34D792B-DBFB-43C8-A46D-F4B50C12C3DA}.Debug|iPhone.ActiveCfg = Debug|Any CPU
		{E34D792B-DBFB-43C8-A46D-F4B50C12C3DA}.Debug|iPhone.Build.0 = Debug|Any CPU
		{E34D792B-DBFB-43C8-A46D-F4B50C12C3DA}.Debug|iPhone.Deploy.0 = Debug|Any CPU
		{E34D792B-DBFB-43C8-A46D-F4B50C12C3DA}.Debug|iPhoneSimulator.ActiveCfg = Debug|Any CPU
		{E34D792B-DBFB-43C8-A46D-F4B50C12C3DA}.Debug|iPhoneSimulator.Build.0 = Debug|Any CPU
		{E34D792B-DBFB-43C8-A46D-F4B50C12C3DA}.Debug|iPhoneSimulator.Deploy.0 = Debug|Any CPU
		{E34D792B-DBFB-43C8-A46D-F4B50C12C3DA}.Debug|x64.ActiveCfg = Debug|Any CPU
		{E34D792B-DBFB-43C8-A46D-F4B50C12C3DA}.Debug|x64.Build.0 = Debug|Any CPU
		{E34D792B-DBFB-43C8-A46D-F4B50C12C3DA}.Debug|x64.Deploy.0 = Debug|Any CPU
		{E34D792B-DBFB-43C8-A46D-F4B50C12C3DA}.Debug|x86.ActiveCfg = Debug|Any CPU
		{E34D792B-DBFB-43C8-A46D-F4B50C12C3DA}.Debug|x86.Build.0 = Debug|Any CPU
		{E34D792B-DBFB-43C8-A46D-F4B50C12C3DA}.Debug|x86.Deploy.0 = Debug|Any CPU
		{E34D792B-DBFB-43C8-A46D-F4B50C12C3DA}.Release|Any CPU.ActiveCfg = Release|Any CPU
		{E34D792B-DBFB-43C8-A46D-F4B50C12C3DA}.Release|Any CPU.Build.0 = Release|Any CPU
		{E34D792B-DBFB-43C8-A46D-F4B50C12C3DA}.Release|Any CPU.Deploy.0 = Release|Any CPU
		{E34D792B-DBFB-43C8-A46D-F4B50C12C3DA}.Release|ARM.ActiveCfg = Release|Any CPU
		{E34D792B-DBFB-43C8-A46D-F4B50C12C3DA}.Release|ARM.Build.0 = Release|Any CPU
		{E34D792B-DBFB-43C8-A46D-F4B50C12C3DA}.Release|ARM.Deploy.0 = Release|Any CPU
		{E34D792B-DBFB-43C8-A46D-F4B50C12C3DA}.Release|iPhone.ActiveCfg = Release|Any CPU
		{E34D792B-DBFB-43C8-A46D-F4B50C12C3DA}.Release|iPhone.Build.0 = Release|Any CPU
		{E34D792B-DBFB-43C8-A46D-F4B50C12C3DA}.Release|iPhone.Deploy.0 = Release|Any CPU
		{E34D792B-DBFB-43C8-A46D-F4B50C12C3DA}.Release|iPhoneSimulator.ActiveCfg = Release|Any CPU
		{E34D792B-DBFB-43C8-A46D-F4B50C12C3DA}.Release|iPhoneSimulator.Build.0 = Release|Any CPU
		{E34D792B-DBFB-43C8-A46D-F4B50C12C3DA}.Release|iPhoneSimulator.Deploy.0 = Release|Any CPU
		{E34D792B-DBFB-43C8-A46D-F4B50C12C3DA}.Release|x64.ActiveCfg = Release|Any CPU
		{E34D792B-DBFB-43C8-A46D-F4B50C12C3DA}.Release|x64.Build.0 = Release|Any CPU
		{E34D792B-DBFB-43C8-A46D-F4B50C12C3DA}.Release|x64.Deploy.0 = Release|Any CPU
		{E34D792B-DBFB-43C8-A46D-F4B50C12C3DA}.Release|x86.ActiveCfg = Release|Any CPU
		{E34D792B-DBFB-43C8-A46D-F4B50C12C3DA}.Release|x86.Build.0 = Release|Any CPU
		{E34D792B-DBFB-43C8-A46D-F4B50C12C3DA}.Release|x86.Deploy.0 = Release|Any CPU
		{99DBF363-2B14-4440-8B1A-BCAF9858D868}.Ad-Hoc|Any CPU.ActiveCfg = Ad-Hoc|iPhone
		{99DBF363-2B14-4440-8B1A-BCAF9858D868}.Ad-Hoc|ARM.ActiveCfg = Ad-Hoc|iPhone
		{99DBF363-2B14-4440-8B1A-BCAF9858D868}.Ad-Hoc|iPhone.ActiveCfg = Ad-Hoc|iPhone
		{99DBF363-2B14-4440-8B1A-BCAF9858D868}.Ad-Hoc|iPhone.Build.0 = Ad-Hoc|iPhone
		{99DBF363-2B14-4440-8B1A-BCAF9858D868}.Ad-Hoc|iPhoneSimulator.ActiveCfg = Ad-Hoc|iPhoneSimulator
		{99DBF363-2B14-4440-8B1A-BCAF9858D868}.Ad-Hoc|iPhoneSimulator.Build.0 = Ad-Hoc|iPhoneSimulator
		{99DBF363-2B14-4440-8B1A-BCAF9858D868}.Ad-Hoc|x64.ActiveCfg = Ad-Hoc|iPhone
		{99DBF363-2B14-4440-8B1A-BCAF9858D868}.Ad-Hoc|x86.ActiveCfg = Ad-Hoc|iPhone
		{99DBF363-2B14-4440-8B1A-BCAF9858D868}.AppStore|Any CPU.ActiveCfg = AppStore|iPhone
		{99DBF363-2B14-4440-8B1A-BCAF9858D868}.AppStore|ARM.ActiveCfg = AppStore|iPhone
		{99DBF363-2B14-4440-8B1A-BCAF9858D868}.AppStore|iPhone.ActiveCfg = AppStore|iPhone
		{99DBF363-2B14-4440-8B1A-BCAF9858D868}.AppStore|iPhone.Build.0 = AppStore|iPhone
		{99DBF363-2B14-4440-8B1A-BCAF9858D868}.AppStore|iPhoneSimulator.ActiveCfg = AppStore|iPhoneSimulator
		{99DBF363-2B14-4440-8B1A-BCAF9858D868}.AppStore|iPhoneSimulator.Build.0 = AppStore|iPhoneSimulator
		{99DBF363-2B14-4440-8B1A-BCAF9858D868}.AppStore|x64.ActiveCfg = AppStore|iPhone
		{99DBF363-2B14-4440-8B1A-BCAF9858D868}.AppStore|x86.ActiveCfg = AppStore|iPhone
		{99DBF363-2B14-4440-8B1A-BCAF9858D868}.Debug|Any CPU.ActiveCfg = Debug|iPhone
		{99DBF363-2B14-4440-8B1A-BCAF9858D868}.Debug|ARM.ActiveCfg = Debug|iPhone
		{99DBF363-2B14-4440-8B1A-BCAF9858D868}.Debug|iPhone.ActiveCfg = Debug|iPhone
		{99DBF363-2B14-4440-8B1A-BCAF9858D868}.Debug|iPhone.Build.0 = Debug|iPhone
		{99DBF363-2B14-4440-8B1A-BCAF9858D868}.Debug|iPhoneSimulator.ActiveCfg = Debug|iPhoneSimulator
		{99DBF363-2B14-4440-8B1A-BCAF9858D868}.Debug|iPhoneSimulator.Build.0 = Debug|iPhoneSimulator
		{99DBF363-2B14-4440-8B1A-BCAF9858D868}.Debug|x64.ActiveCfg = Debug|iPhone
		{99DBF363-2B14-4440-8B1A-BCAF9858D868}.Debug|x86.ActiveCfg = Debug|iPhone
		{99DBF363-2B14-4440-8B1A-BCAF9858D868}.Release|Any CPU.ActiveCfg = Release|iPhone
		{99DBF363-2B14-4440-8B1A-BCAF9858D868}.Release|ARM.ActiveCfg = Release|iPhone
		{99DBF363-2B14-4440-8B1A-BCAF9858D868}.Release|iPhone.ActiveCfg = Release|iPhone
		{99DBF363-2B14-4440-8B1A-BCAF9858D868}.Release|iPhone.Build.0 = Release|iPhone
		{99DBF363-2B14-4440-8B1A-BCAF9858D868}.Release|iPhoneSimulator.ActiveCfg = Release|iPhoneSimulator
		{99DBF363-2B14-4440-8B1A-BCAF9858D868}.Release|iPhoneSimulator.Build.0 = Release|iPhoneSimulator
		{99DBF363-2B14-4440-8B1A-BCAF9858D868}.Release|x64.ActiveCfg = Release|iPhone
		{99DBF363-2B14-4440-8B1A-BCAF9858D868}.Release|x86.ActiveCfg = Release|iPhone
		{F8F5956D-BE73-4B4B-B2E9-34B869F07BFB}.Ad-Hoc|Any CPU.ActiveCfg = Release|x86
		{F8F5956D-BE73-4B4B-B2E9-34B869F07BFB}.Ad-Hoc|Any CPU.Build.0 = Release|x86
		{F8F5956D-BE73-4B4B-B2E9-34B869F07BFB}.Ad-Hoc|Any CPU.Deploy.0 = Release|x86
		{F8F5956D-BE73-4B4B-B2E9-34B869F07BFB}.Ad-Hoc|ARM.ActiveCfg = Release|ARM
		{F8F5956D-BE73-4B4B-B2E9-34B869F07BFB}.Ad-Hoc|ARM.Build.0 = Release|ARM
		{F8F5956D-BE73-4B4B-B2E9-34B869F07BFB}.Ad-Hoc|ARM.Deploy.0 = Release|ARM
		{F8F5956D-BE73-4B4B-B2E9-34B869F07BFB}.Ad-Hoc|iPhone.ActiveCfg = Release|x86
		{F8F5956D-BE73-4B4B-B2E9-34B869F07BFB}.Ad-Hoc|iPhone.Build.0 = Release|x86
		{F8F5956D-BE73-4B4B-B2E9-34B869F07BFB}.Ad-Hoc|iPhone.Deploy.0 = Release|x86
		{F8F5956D-BE73-4B4B-B2E9-34B869F07BFB}.Ad-Hoc|iPhoneSimulator.ActiveCfg = Release|x86
		{F8F5956D-BE73-4B4B-B2E9-34B869F07BFB}.Ad-Hoc|iPhoneSimulator.Build.0 = Release|x86
		{F8F5956D-BE73-4B4B-B2E9-34B869F07BFB}.Ad-Hoc|iPhoneSimulator.Deploy.0 = Release|x86
		{F8F5956D-BE73-4B4B-B2E9-34B869F07BFB}.Ad-Hoc|x64.ActiveCfg = Release|x64
		{F8F5956D-BE73-4B4B-B2E9-34B869F07BFB}.Ad-Hoc|x64.Build.0 = Release|x64
		{F8F5956D-BE73-4B4B-B2E9-34B869F07BFB}.Ad-Hoc|x64.Deploy.0 = Release|x64
		{F8F5956D-BE73-4B4B-B2E9-34B869F07BFB}.Ad-Hoc|x86.ActiveCfg = Release|x86
		{F8F5956D-BE73-4B4B-B2E9-34B869F07BFB}.Ad-Hoc|x86.Build.0 = Release|x86
		{F8F5956D-BE73-4B4B-B2E9-34B869F07BFB}.Ad-Hoc|x86.Deploy.0 = Release|x86
		{F8F5956D-BE73-4B4B-B2E9-34B869F07BFB}.AppStore|Any CPU.ActiveCfg = Release|x86
		{F8F5956D-BE73-4B4B-B2E9-34B869F07BFB}.AppStore|Any CPU.Build.0 = Release|x86
		{F8F5956D-BE73-4B4B-B2E9-34B869F07BFB}.AppStore|Any CPU.Deploy.0 = Release|x86
		{F8F5956D-BE73-4B4B-B2E9-34B869F07BFB}.AppStore|ARM.ActiveCfg = Release|ARM
		{F8F5956D-BE73-4B4B-B2E9-34B869F07BFB}.AppStore|ARM.Build.0 = Release|ARM
		{F8F5956D-BE73-4B4B-B2E9-34B869F07BFB}.AppStore|ARM.Deploy.0 = Release|ARM
		{F8F5956D-BE73-4B4B-B2E9-34B869F07BFB}.AppStore|iPhone.ActiveCfg = Release|x86
		{F8F5956D-BE73-4B4B-B2E9-34B869F07BFB}.AppStore|iPhone.Build.0 = Release|x86
		{F8F5956D-BE73-4B4B-B2E9-34B869F07BFB}.AppStore|iPhone.Deploy.0 = Release|x86
		{F8F5956D-BE73-4B4B-B2E9-34B869F07BFB}.AppStore|iPhoneSimulator.ActiveCfg = Release|x86
		{F8F5956D-BE73-4B4B-B2E9-34B869F07BFB}.AppStore|iPhoneSimulator.Build.0 = Release|x86
		{F8F5956D-BE73-4B4B-B2E9-34B869F07BFB}.AppStore|iPhoneSimulator.Deploy.0 = Release|x86
		{F8F5956D-BE73-4B4B-B2E9-34B869F07BFB}.AppStore|x64.ActiveCfg = Release|x64
		{F8F5956D-BE73-4B4B-B2E9-34B869F07BFB}.AppStore|x64.Build.0 = Release|x64
		{F8F5956D-BE73-4B4B-B2E9-34B869F07BFB}.AppStore|x64.Deploy.0 = Release|x64
		{F8F5956D-BE73-4B4B-B2E9-34B869F07BFB}.AppStore|x86.ActiveCfg = Release|x86
		{F8F5956D-BE73-4B4B-B2E9-34B869F07BFB}.AppStore|x86.Build.0 = Release|x86
		{F8F5956D-BE73-4B4B-B2E9-34B869F07BFB}.AppStore|x86.Deploy.0 = Release|x86
		{F8F5956D-BE73-4B4B-B2E9-34B869F07BFB}.Debug|Any CPU.ActiveCfg = Debug|x86
		{F8F5956D-BE73-4B4B-B2E9-34B869F07BFB}.Debug|ARM.ActiveCfg = Debug|ARM
		{F8F5956D-BE73-4B4B-B2E9-34B869F07BFB}.Debug|ARM.Build.0 = Debug|ARM
		{F8F5956D-BE73-4B4B-B2E9-34B869F07BFB}.Debug|ARM.Deploy.0 = Debug|ARM
		{F8F5956D-BE73-4B4B-B2E9-34B869F07BFB}.Debug|iPhone.ActiveCfg = Debug|x86
		{F8F5956D-BE73-4B4B-B2E9-34B869F07BFB}.Debug|iPhoneSimulator.ActiveCfg = Debug|x86
		{F8F5956D-BE73-4B4B-B2E9-34B869F07BFB}.Debug|x64.ActiveCfg = Debug|x64
		{F8F5956D-BE73-4B4B-B2E9-34B869F07BFB}.Debug|x64.Build.0 = Debug|x64
		{F8F5956D-BE73-4B4B-B2E9-34B869F07BFB}.Debug|x64.Deploy.0 = Debug|x64
		{F8F5956D-BE73-4B4B-B2E9-34B869F07BFB}.Debug|x86.ActiveCfg = Debug|x86
		{F8F5956D-BE73-4B4B-B2E9-34B869F07BFB}.Debug|x86.Build.0 = Debug|x86
		{F8F5956D-BE73-4B4B-B2E9-34B869F07BFB}.Debug|x86.Deploy.0 = Debug|x86
		{F8F5956D-BE73-4B4B-B2E9-34B869F07BFB}.Release|Any CPU.ActiveCfg = Release|x86
		{F8F5956D-BE73-4B4B-B2E9-34B869F07BFB}.Release|ARM.ActiveCfg = Release|ARM
		{F8F5956D-BE73-4B4B-B2E9-34B869F07BFB}.Release|ARM.Build.0 = Release|ARM
		{F8F5956D-BE73-4B4B-B2E9-34B869F07BFB}.Release|ARM.Deploy.0 = Release|ARM
		{F8F5956D-BE73-4B4B-B2E9-34B869F07BFB}.Release|iPhone.ActiveCfg = Release|x86
		{F8F5956D-BE73-4B4B-B2E9-34B869F07BFB}.Release|iPhoneSimulator.ActiveCfg = Release|x86
		{F8F5956D-BE73-4B4B-B2E9-34B869F07BFB}.Release|x64.ActiveCfg = Release|x64
		{F8F5956D-BE73-4B4B-B2E9-34B869F07BFB}.Release|x64.Build.0 = Release|x64
		{F8F5956D-BE73-4B4B-B2E9-34B869F07BFB}.Release|x64.Deploy.0 = Release|x64
		{F8F5956D-BE73-4B4B-B2E9-34B869F07BFB}.Release|x86.ActiveCfg = Release|x86
		{F8F5956D-BE73-4B4B-B2E9-34B869F07BFB}.Release|x86.Build.0 = Release|x86
		{F8F5956D-BE73-4B4B-B2E9-34B869F07BFB}.Release|x86.Deploy.0 = Release|x86
	EndGlobalSection
	GlobalSection(SolutionProperties) = preSolution
		HideSolutionNode = FALSE
	EndGlobalSection
	GlobalSection(ExtensibilityGlobals) = postSolution
		SolutionGuid = {B4C6A58F-2BF8-4652-B114-D5D91B1DCD72}
	EndGlobalSection
EndGlobal
